
Microsoft Visual Studio Solution File, Format Version 12.00
# Visual Studio Version 17
VisualStudioVersion = 17.7.34031.279
MinimumVisualStudioVersion = 10.0.40219.1
Project("{9A19103F-16F7-4668-BE54-9A1E7A4F7556}") = "WebApplication1", "WebApplication1.csproj", "{E63D5255-43A3-4809-B825-0ABF5387B943}"
EndProject
Project("{9A19103F-16F7-4668-BE54-9A1E7A4F7556}") = "DataAccess", "..\DataAccess\DataAccess.csproj", "{E5A1190B-FFC6-4E38-AFEB-82D18D7F7A90}"
EndProject
Project("{9A19103F-16F7-4668-BE54-9A1E7A4F7556}") = "Models", "..\Models\Models.csproj", "{E6695E3C-74E8-4C7B-9F7F-340C8988C37F}"
EndProject
Project("{9A19103F-16F7-4668-BE54-9A1E7A4F7556}") = "Utility", "..\Utility\Utility.csproj", "{64BF4FFF-2145-4E15-84D6-10BAE0ABFF17}"
EndProject
Global
	GlobalSection(SolutionConfigurationPlatforms) = preSolution
		Debug|Any CPU = Debug|Any CPU
		Release|Any CPU = Release|Any CPU
	EndGlobalSection
	GlobalSection(ProjectConfigurationPlatforms) = postSolution
		{E63D5255-43A3-4809-B825-0ABF5387B943}.Debug|Any CPU.ActiveCfg = Debug|Any CPU
		{E63D5255-43A3-4809-B825-0ABF5387B943}.Debug|Any CPU.Build.0 = Debug|Any CPU
		{E63D5255-43A3-4809-B825-0ABF5387B943}.Release|Any CPU.ActiveCfg = Release|Any CPU
		{E63D5255-43A3-4809-B825-0ABF5387B943}.Release|Any CPU.Build.0 = Release|Any CPU
		{E5A1190B-FFC6-4E38-AFEB-82D18D7F7A90}.Debug|Any CPU.ActiveCfg = Debug|Any CPU
		{E5A1190B-FFC6-4E38-AFEB-82D18D7F7A90}.Debug|Any CPU.Build.0 = Debug|Any CPU
		{E5A1190B-FFC6-4E38-AFEB-82D18D7F7A90}.Release|Any CPU.ActiveCfg = Release|Any CPU
		{E5A1190B-FFC6-4E38-AFEB-82D18D7F7A90}.Release|Any CPU.Build.0 = Release|Any CPU
		{E6695E3C-74E8-4C7B-9F7F-340C8988C37F}.Debug|Any CPU.ActiveCfg = Debug|Any CPU
		{E6695E3C-74E8-4C7B-9F7F-340C8988C37F}.Debug|Any CPU.Build.0 = Debug|Any CPU
		{E6695E3C-74E8-4C7B-9F7F-340C8988C37F}.Release|Any CPU.ActiveCfg = Release|Any CPU
		{E6695E3C-74E8-4C7B-9F7F-340C8988C37F}.Release|Any CPU.Build.0 = Release|Any CPU
		{64BF4FFF-2145-4E15-84D6-10BAE0ABFF17}.Debug|Any CPU.ActiveCfg = Debug|Any CPU
		{64BF4FFF-2145-4E15-84D6-10BAE0ABFF17}.Debug|Any CPU.Build.0 = Debug|Any CPU
		{64BF4FFF-2145-4E15-84D6-10BAE0ABFF17}.Release|Any CPU.ActiveCfg = Release|Any CPU
		{64BF4FFF-2145-4E15-84D6-10BAE0ABFF17}.Release|Any CPU.Build.0 = Release|Any CPU
	EndGlobalSection
	GlobalSection(SolutionProperties) = preSolution
		HideSolutionNode = FALSE
	EndGlobalSection
	GlobalSection(ExtensibilityGlobals) = postSolution
		SolutionGuid = {FF23D3A5-5368-4D82-BBCD-5CDAFC0DC6EF}
	EndGlobalSection
EndGlobal
